<?xml version="1.0" encoding="utf-8"?>
<Project ToolsVersion="4.0" xmlns="http://schemas.microsoft.com/developer/msbuild/2003">
  <ItemGroup>
    <Filter Include="ソース ファイル">
      <UniqueIdentifier>{4FC737F1-C7A5-4376-A066-2A32D752A2FF}</UniqueIdentifier>
      <Extensions>cpp;c;cc;cxx;def;odl;idl;hpj;bat;asm;asmx</Extensions>
    </Filter>
    <Filter Include="ヘッダー ファイル">
      <UniqueIdentifier>{93995380-89BD-4b04-88EB-625FBE52EBFB}</UniqueIdentifier>
      <Extensions>h;hh;hpp;hxx;hm;inl;inc;ipp;xsd</Extensions>
    </Filter>
    <Filter Include="リソース ファイル">
      <UniqueIdentifier>{67DA6AB6-F800-4c08-8B7A-83BB121AAD01}</UniqueIdentifier>
      <Extensions>rc;ico;cur;bmp;dlg;rc2;rct;bin;rgs;gif;jpg;jpeg;jpe;resx;tiff;tif;png;wav;mfcribbon-ms</Extensions>
    </Filter>
    <Filter Include="Scene">
      <UniqueIdentifier>{f64a986e-5ed2-4469-8c52-684a03d48df7}</UniqueIdentifier>
    </Filter>
    <Filter Include="Game">
      <UniqueIdentifier>{648568bd-31fb-4776-be53-2fa87b1d31a0}</UniqueIdentifier>
    </Filter>
    <Filter Include="Map">
      <UniqueIdentifier>{cb7c1467-8f77-4a23-9273-4ae5807c5e24}</UniqueIdentifier>
    </Filter>
    <Filter Include="System">
      <UniqueIdentifier>{2bf751bd-c562-42cc-b227-4448e450a8d5}</UniqueIdentifier>
    </Filter>
  </ItemGroup>
  <ItemGroup>
    <ClCompile Include="main.cpp">
      <Filter>ソース ファイル</Filter>
    </ClCompile>
    <ClCompile Include="Game.cpp">
      <Filter>ソース ファイル</Filter>
    </ClCompile>
    <ClCompile Include="Geometry.cpp">
      <Filter>ソース ファイル</Filter>
    </ClCompile>
    <ClCompile Include="Input.cpp">
      <Filter>ソース ファイル</Filter>
    </ClCompile>
    <ClCompile Include="Scene\ResultScene.cpp">
      <Filter>Scene</Filter>
    </ClCompile>
    <ClCompile Include="Scene\Scene.cpp">
      <Filter>Scene</Filter>
    </ClCompile>
    <ClCompile Include="Scene\TitleScene.cpp">
      <Filter>Scene</Filter>
    </ClCompile>
    <ClCompile Include="Scene\GameScene.cpp">
      <Filter>Scene</Filter>
    </ClCompile>
    <ClCompile Include="Scene\SceneController.cpp">
      <Filter>Scene</Filter>
    </ClCompile>
    <ClCompile Include="Scene\OptionScene.cpp">
      <Filter>Scene</Filter>
    </ClCompile>
    <ClCompile Include="Scene\PauseScene.cpp">
      <Filter>Scene</Filter>
    </ClCompile>
    <ClCompile Include="Game\Actor.cpp">
      <Filter>Game</Filter>
    </ClCompile>
    <ClCompile Include="Game\Player.cpp">
      <Filter>Game</Filter>
    </ClCompile>
    <ClCompile Include="Camera.cpp">
      <Filter>ソース ファイル</Filter>
    </ClCompile>
    <ClCompile Include="Collider.cpp">
      <Filter>ソース ファイル</Filter>
    </ClCompile>
    <ClCompile Include="Game\Ant.cpp">
      <Filter>Game</Filter>
    </ClCompile>
    <ClCompile Include="Game\Enemy.cpp">
      <Filter>Game</Filter>
    </ClCompile>
    <ClCompile Include="Game\Spawner.cpp">
      <Filter>Game</Filter>
    </ClCompile>
    <ClCompile Include="Map\BackGround.cpp">
      <Filter>Map</Filter>
    </ClCompile>
    <ClCompile Include="Map\Ground.cpp">
      <Filter>Map</Filter>
    </ClCompile>
    <ClCompile Include="Map\Stage.cpp">
      <Filter>Map</Filter>
    </ClCompile>
    <ClCompile Include="Map\BlockFactory.cpp">
      <Filter>Map</Filter>
    </ClCompile>
    <ClCompile Include="System\ActionLoader.cpp">
      <Filter>System</Filter>
    </ClCompile>
    <ClCompile Include="System\FileSystem.cpp">
      <Filter>System</Filter>
    </ClCompile>
    <ClCompile Include="System\ImageLoader.cpp">
      <Filter>System</Filter>
    </ClCompile>
    <ClCompile Include="System\Loader.cpp">
      <Filter>System</Filter>
    </ClCompile>
    <ClCompile Include="System\MapLoader.cpp">
      <Filter>System</Filter>
    </ClCompile>
    <ClCompile Include="Game\OnceSpawner.cpp">
      <Filter>Game</Filter>
    </ClCompile>
    <ClCompile Include="Game\Coin.cpp">
      <Filter>Game</Filter>
    </ClCompile>
    <ClCompile Include="Game\Event.cpp">
      <Filter>Game</Filter>
    </ClCompile>
    <ClCompile Include="Game\EventQueue.cpp">
      <Filter>Game</Filter>
    </ClCompile>
    <ClCompile Include="Game\HUD.cpp">
      <Filter>Game</Filter>
    </ClCompile>
  </ItemGroup>
  <ItemGroup>
    <ClInclude Include="Game.h">
      <Filter>ヘッダー ファイル</Filter>
    </ClInclude>
    <ClInclude Include="Geometry.h">
      <Filter>ヘッダー ファイル</Filter>
    </ClInclude>
    <ClInclude Include="Input.h">
      <Filter>ヘッダー ファイル</Filter>
    </ClInclude>
    <ClInclude Include="Scene\GameScene.h">
      <Filter>Scene</Filter>
    </ClInclude>
    <ClInclude Include="Scene\ResultScene.h">
      <Filter>Scene</Filter>
    </ClInclude>
    <ClInclude Include="Scene\Scene.h">
      <Filter>Scene</Filter>
    </ClInclude>
    <ClInclude Include="Scene\TitleScene.h">
      <Filter>Scene</Filter>
    </ClInclude>
    <ClInclude Include="Scene\SceneController.h">
      <Filter>Scene</Filter>
    </ClInclude>
    <ClInclude Include="Scene\OptionScene.h">
      <Filter>Scene</Filter>
    </ClInclude>
    <ClInclude Include="Scene\PauseScene.h">
      <Filter>Scene</Filter>
    </ClInclude>
    <ClInclude Include="Game\Actor.h">
      <Filter>Game</Filter>
    </ClInclude>
    <ClInclude Include="Game\Player.h">
      <Filter>Game</Filter>
    </ClInclude>
    <ClInclude Include="Camera.h">
      <Filter>ヘッダー ファイル</Filter>
    </ClInclude>
    <ClInclude Include="Collider.h">
      <Filter>ヘッダー ファイル</Filter>
    </ClInclude>
    <ClInclude Include="Game\Ant.h">
      <Filter>Game</Filter>
    </ClInclude>
    <ClInclude Include="Game\Enemy.h">
      <Filter>Game</Filter>
    </ClInclude>
    <ClInclude Include="Game\Spawner.h">
      <Filter>Game</Filter>
    </ClInclude>
    <ClInclude Include="Map\BackGround.h">
      <Filter>Map</Filter>
    </ClInclude>
    <ClInclude Include="Map\Ground.h">
      <Filter>Map</Filter>
    </ClInclude>
    <ClInclude Include="Map\Stage.h">
      <Filter>Map</Filter>
    </ClInclude>
    <ClInclude Include="Map\BlockFactory.h">
      <Filter>Map</Filter>
    </ClInclude>
    <ClInclude Include="System\ActionLoader.h">
      <Filter>System</Filter>
    </ClInclude>
    <ClInclude Include="System\FileSystem.h">
      <Filter>System</Filter>
    </ClInclude>
    <ClInclude Include="System\ImageLoader.h">
      <Filter>System</Filter>
    </ClInclude>
    <ClInclude Include="System\Loader.h">
      <Filter>System</Filter>
    </ClInclude>
    <ClInclude Include="System\MapLoader.h">
      <Filter>System</Filter>
    </ClInclude>
    <ClInclude Include="Game\OnceSpawner.h">
      <Filter>Game</Filter>
    </ClInclude>
    <ClInclude Include="Game\Coin.h">
      <Filter>Game</Filter>
    </ClInclude>
    <ClInclude Include="Game\Event.h">
      <Filter>Game</Filter>
    </ClInclude>
    <ClInclude Include="Game\EventQueue.h">
      <Filter>Game</Filter>
    </ClInclude>
    <ClInclude Include="Game\HUD.h">
      <Filter>Game</Filter>
    </ClInclude>
  </ItemGroup>
</Project>